
Microsoft Visual Studio Solution File, Format Version 12.00
# Visual Studio Version 17
VisualStudioVersion = 17.0.32014.148
MinimumVisualStudioVersion = 10.0.40219.1
Project("{8BC9CEB8-8B4A-11D0-8D11-00A0C91BC942}") = "Yew", "Yew\Yew.vcxproj", "{0B89E9F2-EE04-4DEF-B358-9863B9503A74}"
EndProject
Global
	GlobalSection(SolutionConfigurationPlatforms) = preSolution
		Debug|x64 = Debug|x64
		Debug|x86 = Debug|x86
		Release|x64 = Release|x64
		Release|x86 = Release|x86
	EndGlobalSection
	GlobalSection(ProjectConfigurationPlatforms) = postSolution
		{0B89E9F2-EE04-4DEF-B358-9863B9503A74}.Debug|x64.ActiveCfg = Debug|x64
		{0B89E9F2-EE04-4DEF-B358-9863B9503A74}.Debug|x64.Build.0 = Debug|x64
		{0B89E9F2-EE04-4DEF-B358-9863B9503A74}.Debug|x86.ActiveCfg = Debug|Win32
		{0B89E9F2-EE04-4DEF-B358-9863B9503A74}.Debug|x86.Build.0 = Debug|Win32
		{0B89E9F2-EE04-4DEF-B358-9863B9503A74}.Release|x64.ActiveCfg = Release|x64
		{0B89E9F2-EE04-4DEF-B358-9863B9503A74}.Release|x64.Build.0 = Release|x64
		{0B89E9F2-EE04-4DEF-B358-9863B9503A74}.Release|x86.ActiveCfg = Release|Win32
		{0B89E9F2-EE04-4DEF-B358-9863B9503A74}.Release|x86.Build.0 = Release|Win32
	EndGlobalSection
	GlobalSection(SolutionProperties) = preSolution
		HideSolutionNode = FALSE
	EndGlobalSection
	GlobalSection(ExtensibilityGlobals) = postSolution
		SolutionGuid = {C2990914-BE8A-4DB6-AF8D-DCFDCC0B4427}
	EndGlobalSection
EndGlobal
